
Microsoft Visual Studio Solution File, Format Version 12.00
# Visual Studio Version 17
VisualStudioVersion = 17.2.32602.215
MinimumVisualStudioVersion = 10.0.40219.1
Project("{FAE04EC0-301F-11D3-BF4B-00C04F79EFBC}") = "Console_Calculator", "Console_Calculator\Console_Calculator.csproj", "{00D1AD54-6619-4A3B-A8D6-77A38900FB5B}"
EndProject
Global
	GlobalSection(SolutionConfigurationPlatforms) = preSolution
		Debug|Any CPU = Debug|Any CPU
		Release|Any CPU = Release|Any CPU
	EndGlobalSection
	GlobalSection(ProjectConfigurationPlatforms) = postSolution
		{00D1AD54-6619-4A3B-A8D6-77A38900FB5B}.Debug|Any CPU.ActiveCfg = Debug|Any CPU
		{00D1AD54-6619-4A3B-A8D6-77A38900FB5B}.Debug|Any CPU.Build.0 = Debug|Any CPU
		{00D1AD54-6619-4A3B-A8D6-77A38900FB5B}.Release|Any CPU.ActiveCfg = Release|Any CPU
		{00D1AD54-6619-4A3B-A8D6-77A38900FB5B}.Release|Any CPU.Build.0 = Release|Any CPU
	EndGlobalSection
	GlobalSection(SolutionProperties) = preSolution
		HideSolutionNode = FALSE
	EndGlobalSection
	GlobalSection(ExtensibilityGlobals) = postSolution
		SolutionGuid = {03A706BE-770D-4CAD-A188-570F015DC330}
	EndGlobalSection
EndGlobal
